// !$*UTF8*$!
{
	archiveVersion = 1;
	classes = {
	};
	objectVersion = 50;
	objects = {

/* Begin PBXBuildFile section */
		00BF9B432253B06C00B8FCB0 /* AppDelegate.swift in Sources */ = {isa = PBXBuildFile; fileRef = 00BF9B422253B06C00B8FCB0 /* AppDelegate.swift */; };
		00BF9B452253B06C00B8FCB0 /* ViewController.swift in Sources */ = {isa = PBXBuildFile; fileRef = 00BF9B442253B06C00B8FCB0 /* ViewController.swift */; };
		00BF9B482253B06C00B8FCB0 /* Main.storyboard in Resources */ = {isa = PBXBuildFile; fileRef = 00BF9B462253B06C00B8FCB0 /* Main.storyboard */; };
		00BF9B4A2253B06D00B8FCB0 /* Assets.xcassets in Resources */ = {isa = PBXBuildFile; fileRef = 00BF9B492253B06D00B8FCB0 /* Assets.xcassets */; };
		00BF9B4D2253B06D00B8FCB0 /* LaunchScreen.storyboard in Resources */ = {isa = PBXBuildFile; fileRef = 00BF9B4B2253B06D00B8FCB0 /* LaunchScreen.storyboard */; };
		22A65FF6D32DBD92C4E5911C /* Pods_SwiftCaluculator.framework in Frameworks */ = {isa = PBXBuildFile; fileRef = 978DFB8965BEFFF7A5407426 /* Pods_SwiftCaluculator.framework */; };
/* End PBXBuildFile section */

/* Begin PBXFileReference section */
		00BF9B3F2253B06C00B8FCB0 /* SwiftCaluculator.app */ = {isa = PBXFileReference; explicitFileType = wrapper.application; includeInIndex = 0; path = SwiftCaluculator.app; sourceTree = BUILT_PRODUCTS_DIR; };
		00BF9B422253B06C00B8FCB0 /* AppDelegate.swift */ = {isa = PBXFileReference; lastKnownFileType = sourcecode.swift; path = AppDelegate.swift; sourceTree = "<group>"; };
		00BF9B442253B06C00B8FCB0 /* ViewController.swift */ = {isa = PBXFileReference; indentWidth = 2; lastKnownFileType = sourcecode.swift; path = ViewController.swift; sourceTree = "<group>"; tabWidth = 2; };
		00BF9B472253B06C00B8FCB0 /* Base */ = {isa = PBXFileReference; lastKnownFileType = file.storyboard; name = Base; path = Base.lproj/Main.storyboard; sourceTree = "<group>"; };
		00BF9B492253B06D00B8FCB0 /* Assets.xcassets */ = {isa = PBXFileReference; lastKnownFileType = folder.assetcatalog; path = Assets.xcassets; sourceTree = "<group>"; };
		00BF9B4C2253B06D00B8FCB0 /* Base */ = {isa = PBXFileReference; lastKnownFileType = file.storyboard; name = Base; path = Base.lproj/LaunchScreen.storyboard; sourceTree = "<group>"; };
		00BF9B4E2253B06D00B8FCB0 /* Info.plist */ = {isa = PBXFileReference; lastKnownFileType = text.plist.xml; path = Info.plist; sourceTree = "<group>"; };
		7137AC2FFFE9968A709160AD /* Pods-SwiftCaluculator.release.xcconfig */ = {isa = PBXFileReference; includeInIndex = 1; lastKnownFileType = text.xcconfig; name = "Pods-SwiftCaluculator.release.xcconfig"; path = "Target Support Files/Pods-SwiftCaluculator/Pods-SwiftCaluculator.release.xcconfig"; sourceTree = "<group>"; };
		89604552A052EC8575ED4E6D /* Pods-SwiftCaluculator.debug.xcconfig */ = {isa = PBXFileReference; includeInIndex = 1; lastKnownFileType = text.xcconfig; name = "Pods-SwiftCaluculator.debug.xcconfig"; path = "Target Support Files/Pods-SwiftCaluculator/Pods-SwiftCaluculator.debug.xcconfig"; sourceTree = "<group>"; };
		978DFB8965BEFFF7A5407426 /* Pods_SwiftCaluculator.framework */ = {isa = PBXFileReference; explicitFileType = wrapper.framework; includeInIndex = 0; path = Pods_SwiftCaluculator.framework; sourceTree = BUILT_PRODUCTS_DIR; };
/* End PBXFileReference section */

/* Begin PBXFrameworksBuildPhase section */
		00BF9B3C2253B06C00B8FCB0 /* Frameworks */ = {
			isa = PBXFrameworksBuildPhase;
			buildActionMask = 2147483647;
			files = (
				22A65FF6D32DBD92C4E5911C /* Pods_SwiftCaluculator.framework in Frameworks */,
			);
			runOnlyForDeploymentPostprocessing = 0;
		};
/* End PBXFrameworksBuildPhase section */

/* Begin PBXGroup section */
		00BF9B362253B06C00B8FCB0 = {
			isa = PBXGroup;
			children = (
				00BF9B412253B06C00B8FCB0 /* SwiftCaluculator */,
				00BF9B402253B06C00B8FCB0 /* Products */,
				A3A306EA6F318D6F7D813A47 /* Pods */,
				23B7BAB562DB33282CC0B15B /* Frameworks */,
			);
			sourceTree = "<group>";
		};
		00BF9B402253B06C00B8FCB0 /* Products */ = {
			isa = PBXGroup;
			children = (
				00BF9B3F2253B06C00B8FCB0 /* SwiftCaluculator.app */,
			);
			name = Products;
			sourceTree = "<group>";
		};
		00BF9B412253B06C00B8FCB0 /* SwiftCaluculator */ = {
			isa = PBXGroup;
			children = (
				00BF9B422253B06C00B8FCB0 /* AppDelegate.swift */,
				00BF9B442253B06C00B8FCB0 /* ViewController.swift */,
				00BF9B462253B06C00B8FCB0 /* Main.storyboard */,
				00BF9B492253B06D00B8FCB0 /* Assets.xcassets */,
				00BF9B4B2253B06D00B8FCB0 /* LaunchScreen.storyboard */,
				00BF9B4E2253B06D00B8FCB0 /* Info.plist */,
			);
			path = SwiftCaluculator;
			sourceTree = "<group>";
		};
		23B7BAB562DB33282CC0B15B /* Frameworks */ = {
			isa = PBXGroup;
			children = (
				978DFB8965BEFFF7A5407426 /* Pods_SwiftCaluculator.framework */,
			);
			name = Frameworks;
			sourceTree = "<group>";
		};
		A3A306EA6F318D6F7D813A47 /* Pods */ = {
			isa = PBXGroup;
			children = (
				89604552A052EC8575ED4E6D /* Pods-SwiftCaluculator.debug.xcconfig */,
				7137AC2FFFE9968A709160AD /* Pods-SwiftCaluculator.release.xcconfig */,
			);
			path = Pods;
			sourceTree = "<group>";
		};
/* End PBXGroup section */

/* Begin PBXNativeTarget section */
		00BF9B3E2253B06C00B8FCB0 /* SwiftCaluculator */ = {
			isa = PBXNativeTarget;
			buildConfigurationList = 00BF9B512253B06D00B8FCB0 /* Build configuration list for PBXNativeTarget "SwiftCaluculator" */;
			buildPhases = (
				D12288162CAF732001DD79DE /* [CP] Check Pods Manifest.lock */,
				00BF9B3B2253B06C00B8FCB0 /* Sources */,
				00BF9B3C2253B06C00B8FCB0 /* Frameworks */,
				00BF9B3D2253B06C00B8FCB0 /* Resources */,
				A594E5FDF51FDCEA06BD7FD4 /* [CP] Embed Pods Frameworks */,
			);
			buildRules = (
			);
			dependencies = (
			);
			name = SwiftCaluculator;
			productName = SwiftCaluculator;
			productReference = 00BF9B3F2253B06C00B8FCB0 /* SwiftCaluculator.app */;
			productType = "com.apple.product-type.application";
		};
/* End PBXNativeTarget section */

/* Begin PBXProject section */
		00BF9B372253B06C00B8FCB0 /* Project object */ = {
			isa = PBXProject;
			attributes = {
				LastSwiftUpdateCheck = 1010;
				LastUpgradeCheck = 1010;
				ORGANIZATIONNAME = Niwa;
				TargetAttributes = {
					00BF9B3E2253B06C00B8FCB0 = {
						CreatedOnToolsVersion = 10.1;
					};
				};
			};
			buildConfigurationList = 00BF9B3A2253B06C00B8FCB0 /* Build configuration list for PBXProject "SwiftCaluculator" */;
			compatibilityVersion = "Xcode 9.3";
			developmentRegion = en;
			hasScannedForEncodings = 0;
			knownRegions = (
				en,
				Base,
			);
			mainGroup = 00BF9B362253B06C00B8FCB0;
			productRefGroup = 00BF9B402253B06C00B8FCB0 /* Products */;
			projectDirPath = "";
			projectRoot = "";
			targets = (
				00BF9B3E2253B06C00B8FCB0 /* SwiftCaluculator */,
			);
		};
/* End PBXProject section */

/* Begin PBXResourcesBuildPhase section */
		00BF9B3D2253B06C00B8FCB0 /* Resources */ = {
			isa = PBXResourcesBuildPhase;
			buildActionMask = 2147483647;
			files = (
				00BF9B4D2253B06D00B8FCB0 /* LaunchScreen.storyboard in Resources */,
				00BF9B4A2253B06D00B8FCB0 /* Assets.xcassets in Resources */,
				00BF9B482253B06C00B8FCB0 /* Main.storyboard in Resources */,
			);
			runOnlyForDeploymentPostprocessing = 0;
		};
/* End PBXResourcesBuildPhase section */

/* Begin PBXShellScriptBuildPhase section */
		A594E5FDF51FDCEA06BD7FD4 /* [CP] Embed Pods Frameworks */ = {
			isa = PBXShellScriptBuildPhase;
			buildActionMask = 2147483647;
			files = (
			);
			inputFileListPaths = (
			);
			inputPaths = (
				"${PODS_ROOT}/Target Support Files/Pods-SwiftCaluculator/Pods-SwiftCaluculator-frameworks.sh",
				"${BUILT_PRODUCTS_DIR}/Expression/Expression.framework",
			);
			name = "[CP] Embed Pods Frameworks";
			outputFileListPaths = (
			);
			outputPaths = (
				"${TARGET_BUILD_DIR}/${FRAMEWORKS_FOLDER_PATH}/Expression.framework",
			);
			runOnlyForDeploymentPostprocessing = 0;
			shellPath = /bin/sh;
			shellScript = "\"${PODS_ROOT}/Target Support Files/Pods-SwiftCaluculator/Pods-SwiftCaluculator-frameworks.sh\"\n";
			showEnvVarsInLog = 0;
		};
		D12288162CAF732001DD79DE /* [CP] Check Pods Manifest.lock */ = {
			isa = PBXShellScriptBuildPhase;
			buildActionMask = 2147483647;
			files = (
			);
			inputFileListPaths = (
			);
			inputPaths = (
				"${PODS_PODFILE_DIR_PATH}/Podfile.lock",
				"${PODS_ROOT}/Manifest.lock",
			);
			name = "[CP] Check Pods Manifest.lock";
			outputFileListPaths = (
			);
			outputPaths = (
				"$(DERIVED_FILE_DIR)/Pods-SwiftCaluculator-checkManifestLockResult.txt",
			);
			runOnlyForDeploymentPostprocessing = 0;
			shellPath = /bin/sh;
			shellScript = "diff \"${PODS_PODFILE_DIR_PATH}/Podfile.lock\" \"${PODS_ROOT}/Manifest.lock\" > /dev/null\nif [ $? != 0 ] ; then\n    # print error to STDERR\n    echo \"error: The sandbox is not in sync with the Podfile.lock. Run 'pod install' or update your CocoaPods installation.\" >&2\n    exit 1\nfi\n# This output is used by Xcode 'outputs' to avoid re-running this script phase.\necho \"SUCCESS\" > \"${SCRIPT_OUTPUT_FILE_0}\"\n";
			showEnvVarsInLog = 0;
		};
/* End PBXShellScriptBuildPhase section */

/* Begin PBXSourcesBuildPhase section */
		00BF9B3B2253B06C00B8FCB0 /* Sources */ = {
			isa = PBXSourcesBuildPhase;
			buildActionMask = 2147483647;
			files = (
				00BF9B452253B06C00B8FCB0 /* ViewController.swift in Sources */,
				00BF9B432253B06C00B8FCB0 /* AppDelegate.swift in Sources */,
			);
			runOnlyForDeploymentPostprocessing = 0;
		};
/* End PBXSourcesBuildPhase section */

/* Begin PBXVariantGroup section */
		00BF9B462253B06C00B8FCB0 /* Main.storyboard */ = {
			isa = PBXVariantGroup;
			children = (
				00BF9B472253B06C00B8FCB0 /* Base */,
			);
			name = Main.storyboard;
			sourceTree = "<group>";
		};
		00BF9B4B2253B06D00B8FCB0 /* LaunchScreen.storyboard */ = {
			isa = PBXVariantGroup;
			children = (
				00BF9B4C2253B06D00B8FCB0 /* Base */,
			);
			name = LaunchScreen.storyboard;
			sourceTree = "<group>";
		};
/* End PBXVariantGroup section */

/* Begin XCBuildConfiguration section */
		00BF9B4F2253B06D00B8FCB0 /* Debug */ = {
			isa = XCBuildConfiguration;
			buildSettings = {
				ALWAYS_SEARCH_USER_PATHS = NO;
				CLANG_ANALYZER_NONNULL = YES;
				CLANG_ANALYZER_NUMBER_OBJECT_CONVERSION = YES_AGGRESSIVE;
				CLANG_CXX_LANGUAGE_STANDARD = "gnu++14";
				CLANG_CXX_LIBRARY = "libc++";
				CLANG_ENABLE_MODULES = YES;
				CLANG_ENABLE_OBJC_ARC = YES;
				CLANG_ENABLE_OBJC_WEAK = YES;
				CLANG_WARN_BLOCK_CAPTURE_AUTORELEASING = YES;
				CLANG_WARN_BOOL_CONVERSION = YES;
				CLANG_WARN_COMMA = YES;
				CLANG_WARN_CONSTANT_CONVERSION = YES;
				CLANG_WARN_DEPRECATED_OBJC_IMPLEMENTATIONS = YES;
				CLANG_WARN_DIRECT_OBJC_ISA_USAGE = YES_ERROR;
				CLANG_WARN_DOCUMENTATION_COMMENTS = YES;
				CLANG_WARN_EMPTY_BODY = YES;
				CLANG_WARN_ENUM_CONVERSION = YES;
				CLANG_WARN_INFINITE_RECURSION = YES;
				CLANG_WARN_INT_CONVERSION = YES;
				CLANG_WARN_NON_LITERAL_NULL_CONVERSION = YES;
				CLANG_WARN_OBJC_IMPLICIT_RETAIN_SELF = YES;
				CLANG_WARN_OBJC_LITERAL_CONVERSION = YES;
				CLANG_WARN_OBJC_ROOT_CLASS = YES_ERROR;
				CLANG_WARN_RANGE_LOOP_ANALYSIS = YES;
				CLANG_WARN_STRICT_PROTOTYPES = YES;
				CLANG_WARN_SUSPICIOUS_MOVE = YES;
				CLANG_WARN_UNGUARDED_AVAILABILITY = YES_AGGRESSIVE;
				CLANG_WARN_UNREACHABLE_CODE = YES;
				CLANG_WARN__DUPLICATE_METHOD_MATCH = YES;
				CODE_SIGN_IDENTITY = "iPhone Developer";
				COPY_PHASE_STRIP = NO;
				DEBUG_INFORMATION_FORMAT = dwarf;
				ENABLE_STRICT_OBJC_MSGSEND = YES;
				ENABLE_TESTABILITY = YES;
				GCC_C_LANGUAGE_STANDARD = gnu11;
				GCC_DYNAMIC_NO_PIC = NO;
				GCC_NO_COMMON_BLOCKS = YES;
				GCC_OPTIMIZATION_LEVEL = 0;
				GCC_PREPROCESSOR_DEFINITIONS = (
					"DEBUG=1",
					"$(inherited)",
				);
				GCC_WARN_64_TO_32_BIT_CONVERSION = YES;
				GCC_WARN_ABOUT_RETURN_TYPE = YES_ERROR;
				GCC_WARN_UNDECLARED_SELECTOR = YES;
				GCC_WARN_UNINITIALIZED_AUTOS = YES_AGGRESSIVE;
				GCC_WARN_UNUSED_FUNCTION = YES;
				GCC_WARN_UNUSED_VARIABLE = YES;
				IPHONEOS_DEPLOYMENT_TARGET = 12.1;
				MTL_ENABLE_DEBUG_INFO = INCLUDE_SOURCE;
				MTL_FAST_MATH = YES;
				ONLY_ACTIVE_ARCH = YES;
				SDKROOT = iphoneos;
				SWIFT_ACTIVE_COMPILATION_CONDITIONS = DEBUG;
				SWIFT_OPTIMIZATION_LEVEL = "-Onone";
			};
			name = Debug;
		};
		00BF9B502253B06D00B8FCB0 /* Release */ = {
			isa = XCBuildConfiguration;
			buildSettings = {
				ALWAYS_SEARCH_USER_PATHS = NO;
				CLANG_ANALYZER_NONNULL = YES;
				CLANG_ANALYZER_NUMBER_OBJECT_CONVERSION = YES_AGGRESSIVE;
				CLANG_CXX_LANGUAGE_STANDARD = "gnu++14";
				CLANG_CXX_LIBRARY = "libc++";
				CLANG_ENABLE_MODULES = YES;
				CLANG_ENABLE_OBJC_ARC = YES;
				CLANG_ENABLE_OBJC_WEAK = YES;
				CLANG_WARN_BLOCK_CAPTURE_AUTORELEASING = YES;
				CLANG_WARN_BOOL_CONVERSION = YES;
				CLANG_WARN_COMMA = YES;
				CLANG_WARN_CONSTANT_CONVERSION = YES;
				CLANG_WARN_DEPRECATED_OBJC_IMPLEMENTATIONS = YES;
				CLANG_WARN_DIRECT_OBJC_ISA_USAGE = YES_ERROR;
				CLANG_WARN_DOCUMENTATION_COMMENTS = YES;
				CLANG_WARN_EMPTY_BODY = YES;
				CLANG_WARN_ENUM_CONVERSION = YES;
				CLANG_WARN_INFINITE_RECURSION = YES;
				CLANG_WARN_INT_CONVERSION = YES;
				CLANG_WARN_NON_LITERAL_NULL_CONVERSION = YES;
				CLANG_WARN_OBJC_IMPLICIT_RETAIN_SELF = YES;
				CLANG_WARN_OBJC_LITERAL_CONVERSION = YES;
				CLANG_WARN_OBJC_ROOT_CLASS = YES_ERROR;
				CLANG_WARN_RANGE_LOOP_ANALYSIS = YES;
				CLANG_WARN_STRICT_PROTOTYPES = YES;
				CLANG_WARN_SUSPICIOUS_MOVE = YES;
				CLANG_WARN_UNGUARDED_AVAILABILITY = YES_AGGRESSIVE;
				CLANG_WARN_UNREACHABLE_CODE = YES;
				CLANG_WARN__DUPLICATE_METHOD_MATCH = YES;
				CODE_SIGN_IDENTITY = "iPhone Developer";
				COPY_PHASE_STRIP = NO;
				DEBUG_INFORMATION_FORMAT = "dwarf-with-dsym";
				ENABLE_NS_ASSERTIONS = NO;
				ENABLE_STRICT_OBJC_MSGSEND = YES;
				GCC_C_LANGUAGE_STANDARD = gnu11;
				GCC_NO_COMMON_BLOCKS = YES;
				GCC_WARN_64_TO_32_BIT_CONVERSION = YES;
				GCC_WARN_ABOUT_RETURN_TYPE = YES_ERROR;
				GCC_WARN_UNDECLARED_SELECTOR = YES;
				GCC_WARN_UNINITIALIZED_AUTOS = YES_AGGRESSIVE;
				GCC_WARN_UNUSED_FUNCTION = YES;
				GCC_WARN_UNUSED_VARIABLE = YES;
				IPHONEOS_DEPLOYMENT_TARGET = 12.1;
				MTL_ENABLE_DEBUG_INFO = NO;
				MTL_FAST_MATH = YES;
				SDKROOT = iphoneos;
				SWIFT_COMPILATION_MODE = wholemodule;
				SWIFT_OPTIMIZATION_LEVEL = "-O";
				VALIDATE_PRODUCT = YES;
			};
			name = Release;
		};
		00BF9B522253B06D00B8FCB0 /* Debug */ = {
			isa = XCBuildConfiguration;
			baseConfigurationReference = 89604552A052EC8575ED4E6D /* Pods-SwiftCaluculator.debug.xcconfig */;
			buildSettings = {
				ASSETCATALOG_COMPILER_APPICON_NAME = AppIcon;
				CODE_SIGN_STYLE = Automatic;
				INFOPLIST_FILE = SwiftCaluculator/Info.plist;
				LD_RUNPATH_SEARCH_PATHS = (
					"$(inherited)",
					"@executable_path/Frameworks",
				);
				PRODUCT_BUNDLE_IDENTIFIER = NIwa.SwiftCaluculator;
				PRODUCT_NAME = "$(TARGET_NAME)";
				SWIFT_VERSION = 4.2;
				TARGETED_DEVICE_FAMILY = "1,2";
			};
			name = Debug;
		};
		00BF9B532253B06D00B8FCB0 /* Release */ = {
			isa = XCBuildConfiguration;
			baseConfigurationReference = 7137AC2FFFE9968A709160AD /* Pods-SwiftCaluculator.release.xcconfig */;
			buildSettings = {
				ASSETCATALOG_COMPILER_APPICON_NAME = AppIcon;
				CODE_SIGN_STYLE = Automatic;
				INFOPLIST_FILE = SwiftCaluculator/Info.plist;
				LD_RUNPATH_SEARCH_PATHS = (
					"$(inherited)",
					"@executable_path/Frameworks",
				);
				PRODUCT_BUNDLE_IDENTIFIER = NIwa.SwiftCaluculator;
				PRODUCT_NAME = "$(TARGET_NAME)";
				SWIFT_VERSION = 4.2;
				TARGETED_DEVICE_FAMILY = "1,2";
			};
			name = Release;
		};
/* End XCBuildConfiguration section */

/* Begin XCConfigurationList section */
		00BF9B3A2253B06C00B8FCB0 /* Build configuration list for PBXProject "SwiftCaluculator" */ = {
			isa = XCConfigurationList;
			buildConfigurations = (
				00BF9B4F2253B06D00B8FCB0 /* Debug */,
				00BF9B502253B06D00B8FCB0 /* Release */,
			);
			defaultConfigurationIsVisible = 0;
			defaultConfigurationName = Release;
		};
		00BF9B512253B06D00B8FCB0 /* Build configuration list for PBXNativeTarget "SwiftCaluculator" */ = {
			isa = XCConfigurationList;
			buildConfigurations = (
				00BF9B522253B06D00B8FCB0 /* Debug */,
				00BF9B532253B06D00B8FCB0 /* Release */,
			);
			defaultConfigurationIsVisible = 0;
			defaultConfigurationName = Release;
		};
/* End XCConfigurationList section */
	};
	rootObject = 00BF9B372253B06C00B8FCB0 /* Project object */;
}
